
Microsoft Visual Studio Solution File, Format Version 12.00
# Visual Studio Version 16
VisualStudioVersion = 16.0.30002.166
MinimumVisualStudioVersion = 10.0.40219.1
Project("{FAE04EC0-301F-11D3-BF4B-00C04F79EFBC}") = "showmeminmaxnumber", "showmeminmaxnumber\showmeminmaxnumber.csproj", "{3C285106-F99C-484B-85FA-269ECC63C307}"
EndProject
Global
	GlobalSection(SolutionConfigurationPlatforms) = preSolution
		Debug|Any CPU = Debug|Any CPU
		Release|Any CPU = Release|Any CPU
	EndGlobalSection
	GlobalSection(ProjectConfigurationPlatforms) = postSolution
		{3C285106-F99C-484B-85FA-269ECC63C307}.Debug|Any CPU.ActiveCfg = Debug|Any CPU
		{3C285106-F99C-484B-85FA-269ECC63C307}.Debug|Any CPU.Build.0 = Debug|Any CPU
		{3C285106-F99C-484B-85FA-269ECC63C307}.Release|Any CPU.ActiveCfg = Release|Any CPU
		{3C285106-F99C-484B-85FA-269ECC63C307}.Release|Any CPU.Build.0 = Release|Any CPU
	EndGlobalSection
	GlobalSection(SolutionProperties) = preSolution
		HideSolutionNode = FALSE
	EndGlobalSection
	GlobalSection(ExtensibilityGlobals) = postSolution
		SolutionGuid = {FB62228F-479E-4115-9D58-88764A5713DD}
	EndGlobalSection
EndGlobal
